lockfileVersion: '9.0'

settings:
  autoInstallPeers: true
  excludeLinksFromLockfile: false

importers:

  .:
    dependencies:
      lodash:
        specifier: ^4.17.2
        version: 4.17.2

packages:

  lodash@4.17.2:
    resolution: {integrity: sha512-8mozooKYfrbhO6eMFCjiieXZalOKHpwENKTqMn/g0TrH1j4MLw8qwivmVwfcX5/+3LQJmXAWRXWhWUL+COdYNg==}

snapshots:

  lodash@4.17.2: {}
